// !$*UTF8*$!
{
	archiveVersion = 1;
	classes = {
	};
	objectVersion = 55;
	objects = {

/* Begin PBXBuildFile section */
		983A44362988A73A00FE60AF /* AppDelegate.swift in Sources */ = {isa = PBXBuildFile; fileRef = 983A44352988A73A00FE60AF /* AppDelegate.swift */; };
		983A44382988A73A00FE60AF /* SceneDelegate.swift in Sources */ = {isa = PBXBuildFile; fileRef = 983A44372988A73A00FE60AF /* SceneDelegate.swift */; };
		983A443A2988A73A00FE60AF /* ViewController.swift in Sources */ = {isa = PBXBuildFile; fileRef = 983A44392988A73A00FE60AF /* ViewController.swift */; };
		983A443D2988A73A00FE60AF /* Main.storyboard in Resources */ = {isa = PBXBuildFile; fileRef = 983A443B2988A73A00FE60AF /* Main.storyboard */; };
		983A443F2988A73F00FE60AF /* Assets.xcassets in Resources */ = {isa = PBXBuildFile; fileRef = 983A443E2988A73F00FE60AF /* Assets.xcassets */; };
		983A44422988A73F00FE60AF /* LaunchScreen.storyboard in Resources */ = {isa = PBXBuildFile; fileRef = 983A44402988A73F00FE60AF /* LaunchScreen.storyboard */; };
		983A444D2988A73F00FE60AF /* TradeMe_testTests.swift in Sources */ = {isa = PBXBuildFile; fileRef = 983A444C2988A73F00FE60AF /* TradeMe_testTests.swift */; };
		983A44572988A73F00FE60AF /* TradeMe_testUITests.swift in Sources */ = {isa = PBXBuildFile; fileRef = 983A44562988A73F00FE60AF /* TradeMe_testUITests.swift */; };
		983A44592988A73F00FE60AF /* TradeMe_testUITestsLaunchTests.swift in Sources */ = {isa = PBXBuildFile; fileRef = 983A44582988A73F00FE60AF /* TradeMe_testUITestsLaunchTests.swift */; };
		983A44692988A7B000FE60AF /* Parser.swift in Sources */ = {isa = PBXBuildFile; fileRef = 983A44682988A7B000FE60AF /* Parser.swift */; };
		983A446B2988A7DD00FE60AF /* Listings.swift in Sources */ = {isa = PBXBuildFile; fileRef = 983A446A2988A7DD00FE60AF /* Listings.swift */; };
		98D9A1202988F4B500E03678 /* ListingsTableViewCell.swift in Sources */ = {isa = PBXBuildFile; fileRef = 98D9A11F2988F4B500E03678 /* ListingsTableViewCell.swift */; };
		98D9A1232989AAAE00E03678 /* Extensions.swift in Sources */ = {isa = PBXBuildFile; fileRef = 98D9A1222989AAAE00E03678 /* Extensions.swift */; };
		98D9A12B2989F28700E03678 /* mockData.json in Resources */ = {isa = PBXBuildFile; fileRef = 98D9A12A2989F28700E03678 /* mockData.json */; };
/* End PBXBuildFile section */

/* Begin PBXContainerItemProxy section */
		983A44492988A73F00FE60AF /* PBXContainerItemProxy */ = {
			isa = PBXContainerItemProxy;
			containerPortal = 983A442A2988A73A00FE60AF /* Project object */;
			proxyType = 1;
			remoteGlobalIDString = 983A44312988A73A00FE60AF;
			remoteInfo = "TradeMe test";
		};
		983A44532988A73F00FE60AF /* PBXContainerItemProxy */ = {
			isa = PBXContainerItemProxy;
			containerPortal = 983A442A2988A73A00FE60AF /* Project object */;
			proxyType = 1;
			remoteGlobalIDString = 983A44312988A73A00FE60AF;
			remoteInfo = "TradeMe test";
		};
/* End PBXContainerItemProxy section */

/* Begin PBXFileReference section */
		983A44322988A73A00FE60AF /* TradeMe test.app */ = {isa = PBXFileReference; explicitFileType = wrapper.application; includeInIndex = 0; path = "TradeMe test.app"; sourceTree = BUILT_PRODUCTS_DIR; };
		983A44352988A73A00FE60AF /* AppDelegate.swift */ = {isa = PBXFileReference; lastKnownFileType = sourcecode.swift; path = AppDelegate.swift; sourceTree = "<group>"; };
		983A44372988A73A00FE60AF /* SceneDelegate.swift */ = {isa = PBXFileReference; lastKnownFileType = sourcecode.swift; path = SceneDelegate.swift; sourceTree = "<group>"; };
		983A44392988A73A00FE60AF /* ViewController.swift */ = {isa = PBXFileReference; lastKnownFileType = sourcecode.swift; path = ViewController.swift; sourceTree = "<group>"; };
		983A443C2988A73A00FE60AF /* Base */ = {isa = PBXFileReference; lastKnownFileType = file.storyboard; name = Base; path = Base.lproj/Main.storyboard; sourceTree = "<group>"; };
		983A443E2988A73F00FE60AF /* Assets.xcassets */ = {isa = PBXFileReference; lastKnownFileType = folder.assetcatalog; path = Assets.xcassets; sourceTree = "<group>"; };
		983A44412988A73F00FE60AF /* Base */ = {isa = PBXFileReference; lastKnownFileType = file.storyboard; name = Base; path = Base.lproj/LaunchScreen.storyboard; sourceTree = "<group>"; };
		983A44432988A73F00FE60AF /* Info.plist */ = {isa = PBXFileReference; lastKnownFileType = text.plist.xml; path = Info.plist; sourceTree = "<group>"; };
		983A44482988A73F00FE60AF /* TradeMe testTests.xctest */ = {isa = PBXFileReference; explicitFileType = wrapper.cfbundle; includeInIndex = 0; path = "TradeMe testTests.xctest"; sourceTree = BUILT_PRODUCTS_DIR; };
		983A444C2988A73F00FE60AF /* TradeMe_testTests.swift */ = {isa = PBXFileReference; lastKnownFileType = sourcecode.swift; path = TradeMe_testTests.swift; sourceTree = "<group>"; };
		983A44522988A73F00FE60AF /* TradeMe testUITests.xctest */ = {isa = PBXFileReference; explicitFileType = wrapper.cfbundle; includeInIndex = 0; path = "TradeMe testUITests.xctest"; sourceTree = BUILT_PRODUCTS_DIR; };
		983A44562988A73F00FE60AF /* TradeMe_testUITests.swift */ = {isa = PBXFileReference; lastKnownFileType = sourcecode.swift; path = TradeMe_testUITests.swift; sourceTree = "<group>"; };
		983A44582988A73F00FE60AF /* TradeMe_testUITestsLaunchTests.swift */ = {isa = PBXFileReference; lastKnownFileType = sourcecode.swift; path = TradeMe_testUITestsLaunchTests.swift; sourceTree = "<group>"; };
		983A44682988A7B000FE60AF /* Parser.swift */ = {isa = PBXFileReference; lastKnownFileType = sourcecode.swift; path = Parser.swift; sourceTree = "<group>"; };
		983A446A2988A7DD00FE60AF /* Listings.swift */ = {isa = PBXFileReference; lastKnownFileType = sourcecode.swift; path = Listings.swift; sourceTree = "<group>"; };
		98D9A11F2988F4B500E03678 /* ListingsTableViewCell.swift */ = {isa = PBXFileReference; lastKnownFileType = sourcecode.swift; path = ListingsTableViewCell.swift; sourceTree = "<group>"; };
		98D9A1222989AAAE00E03678 /* Extensions.swift */ = {isa = PBXFileReference; lastKnownFileType = sourcecode.swift; path = Extensions.swift; sourceTree = "<group>"; };
		98D9A12A2989F28700E03678 /* mockData.json */ = {isa = PBXFileReference; lastKnownFileType = text.json; path = mockData.json; sourceTree = "<group>"; };
/* End PBXFileReference section */

/* Begin PBXFrameworksBuildPhase section */
		983A442F2988A73A00FE60AF /* Frameworks */ = {
			isa = PBXFrameworksBuildPhase;
			buildActionMask = 2147483647;
			files = (
			);
			runOnlyForDeploymentPostprocessing = 0;
		};
		983A44452988A73F00FE60AF /* Frameworks */ = {
			isa = PBXFrameworksBuildPhase;
			buildActionMask = 2147483647;
			files = (
			);
			runOnlyForDeploymentPostprocessing = 0;
		};
		983A444F2988A73F00FE60AF /* Frameworks */ = {
			isa = PBXFrameworksBuildPhase;
			buildActionMask = 2147483647;
			files = (
			);
			runOnlyForDeploymentPostprocessing = 0;
		};
/* End PBXFrameworksBuildPhase section */

/* Begin PBXGroup section */
		983A44292988A73A00FE60AF = {
			isa = PBXGroup;
			children = (
				983A44342988A73A00FE60AF /* TradeMe test */,
				983A444B2988A73F00FE60AF /* TradeMe testTests */,
				983A44552988A73F00FE60AF /* TradeMe testUITests */,
				983A44332988A73A00FE60AF /* Products */,
			);
			sourceTree = "<group>";
		};
		983A44332988A73A00FE60AF /* Products */ = {
			isa = PBXGroup;
			children = (
				983A44322988A73A00FE60AF /* TradeMe test.app */,
				983A44482988A73F00FE60AF /* TradeMe testTests.xctest */,
				983A44522988A73F00FE60AF /* TradeMe testUITests.xctest */,
			);
			name = Products;
			sourceTree = "<group>";
		};
		983A44342988A73A00FE60AF /* TradeMe test */ = {
			isa = PBXGroup;
			children = (
				983A44672988A79500FE60AF /* Model */,
				98D9A11C2988D37700E03678 /* View */,
				983A44662988A76A00FE60AF /* ViewModel */,
				983A44652988A75200FE60AF /* Controller */,
				98D9A1212989AA8300E03678 /* Constants */,
				983A44352988A73A00FE60AF /* AppDelegate.swift */,
				983A44372988A73A00FE60AF /* SceneDelegate.swift */,
				983A443E2988A73F00FE60AF /* Assets.xcassets */,
				983A44402988A73F00FE60AF /* LaunchScreen.storyboard */,
				983A44432988A73F00FE60AF /* Info.plist */,
			);
			path = "TradeMe test";
			sourceTree = "<group>";
		};
		983A444B2988A73F00FE60AF /* TradeMe testTests */ = {
			isa = PBXGroup;
			children = (
				983A444C2988A73F00FE60AF /* TradeMe_testTests.swift */,
			);
			path = "TradeMe testTests";
			sourceTree = "<group>";
		};
		983A44552988A73F00FE60AF /* TradeMe testUITests */ = {
			isa = PBXGroup;
			children = (
				983A44562988A73F00FE60AF /* TradeMe_testUITests.swift */,
				983A44582988A73F00FE60AF /* TradeMe_testUITestsLaunchTests.swift */,
			);
			path = "TradeMe testUITests";
			sourceTree = "<group>";
		};
		983A44652988A75200FE60AF /* Controller */ = {
			isa = PBXGroup;
			children = (
				983A44392988A73A00FE60AF /* ViewController.swift */,
			);
			path = Controller;
			sourceTree = "<group>";
		};
		983A44662988A76A00FE60AF /* ViewModel */ = {
			isa = PBXGroup;
			children = (
				983A44682988A7B000FE60AF /* Parser.swift */,
			);
			path = ViewModel;
			sourceTree = "<group>";
		};
		983A44672988A79500FE60AF /* Model */ = {
			isa = PBXGroup;
			children = (
				983A446A2988A7DD00FE60AF /* Listings.swift */,
				98D9A12A2989F28700E03678 /* mockData.json */,
			);
			path = Model;
			sourceTree = "<group>";
		};
		98D9A11C2988D37700E03678 /* View */ = {
			isa = PBXGroup;
			children = (
				983A443B2988A73A00FE60AF /* Main.storyboard */,
				98D9A11F2988F4B500E03678 /* ListingsTableViewCell.swift */,
			);
			path = View;
			sourceTree = "<group>";
		};
		98D9A1212989AA8300E03678 /* Constants */ = {
			isa = PBXGroup;
			children = (
				98D9A1222989AAAE00E03678 /* Extensions.swift */,
			);
			path = Constants;
			sourceTree = "<group>";
		};
/* End PBXGroup section */

/* Begin PBXNativeTarget section */
		983A44312988A73A00FE60AF /* TradeMe test */ = {
			isa = PBXNativeTarget;
			buildConfigurationList = 983A445C2988A73F00FE60AF /* Build configuration list for PBXNativeTarget "TradeMe test" */;
			buildPhases = (
				983A442E2988A73A00FE60AF /* Sources */,
				983A442F2988A73A00FE60AF /* Frameworks */,
				983A44302988A73A00FE60AF /* Resources */,
			);
			buildRules = (
			);
			dependencies = (
			);
			name = "TradeMe test";
			productName = "TradeMe test";
			productReference = 983A44322988A73A00FE60AF /* TradeMe test.app */;
			productType = "com.apple.product-type.application";
		};
		983A44472988A73F00FE60AF /* TradeMe testTests */ = {
			isa = PBXNativeTarget;
			buildConfigurationList = 983A445F2988A73F00FE60AF /* Build configuration list for PBXNativeTarget "TradeMe testTests" */;
			buildPhases = (
				983A44442988A73F00FE60AF /* Sources */,
				983A44452988A73F00FE60AF /* Frameworks */,
				983A44462988A73F00FE60AF /* Resources */,
			);
			buildRules = (
			);
			dependencies = (
				983A444A2988A73F00FE60AF /* PBXTargetDependency */,
			);
			name = "TradeMe testTests";
			productName = "TradeMe testTests";
			productReference = 983A44482988A73F00FE60AF /* TradeMe testTests.xctest */;
			productType = "com.apple.product-type.bundle.unit-test";
		};
		983A44512988A73F00FE60AF /* TradeMe testUITests */ = {
			isa = PBXNativeTarget;
			buildConfigurationList = 983A44622988A73F00FE60AF /* Build configuration list for PBXNativeTarget "TradeMe testUITests" */;
			buildPhases = (
				983A444E2988A73F00FE60AF /* Sources */,
				983A444F2988A73F00FE60AF /* Frameworks */,
				983A44502988A73F00FE60AF /* Resources */,
			);
			buildRules = (
			);
			dependencies = (
				983A44542988A73F00FE60AF /* PBXTargetDependency */,
			);
			name = "TradeMe testUITests";
			productName = "TradeMe testUITests";
			productReference = 983A44522988A73F00FE60AF /* TradeMe testUITests.xctest */;
			productType = "com.apple.product-type.bundle.ui-testing";
		};
/* End PBXNativeTarget section */

/* Begin PBXProject section */
		983A442A2988A73A00FE60AF /* Project object */ = {
			isa = PBXProject;
			attributes = {
				BuildIndependentTargetsInParallel = 1;
				LastSwiftUpdateCheck = 1320;
				LastUpgradeCheck = 1320;
				TargetAttributes = {
					983A44312988A73A00FE60AF = {
						CreatedOnToolsVersion = 13.2;
					};
					983A44472988A73F00FE60AF = {
						CreatedOnToolsVersion = 13.2;
						TestTargetID = 983A44312988A73A00FE60AF;
					};
					983A44512988A73F00FE60AF = {
						CreatedOnToolsVersion = 13.2;
						TestTargetID = 983A44312988A73A00FE60AF;
					};
				};
			};
			buildConfigurationList = 983A442D2988A73A00FE60AF /* Build configuration list for PBXProject "TradeMe test" */;
			compatibilityVersion = "Xcode 13.0";
			developmentRegion = en;
			hasScannedForEncodings = 0;
			knownRegions = (
				en,
				Base,
			);
			mainGroup = 983A44292988A73A00FE60AF;
			productRefGroup = 983A44332988A73A00FE60AF /* Products */;
			projectDirPath = "";
			projectRoot = "";
			targets = (
				983A44312988A73A00FE60AF /* TradeMe test */,
				983A44472988A73F00FE60AF /* TradeMe testTests */,
				983A44512988A73F00FE60AF /* TradeMe testUITests */,
			);
		};
/* End PBXProject section */

/* Begin PBXResourcesBuildPhase section */
		983A44302988A73A00FE60AF /* Resources */ = {
			isa = PBXResourcesBuildPhase;
			buildActionMask = 2147483647;
			files = (
				983A44422988A73F00FE60AF /* LaunchScreen.storyboard in Resources */,
				98D9A12B2989F28700E03678 /* mockData.json in Resources */,
				983A443F2988A73F00FE60AF /* Assets.xcassets in Resources */,
				983A443D2988A73A00FE60AF /* Main.storyboard in Resources */,
			);
			runOnlyForDeploymentPostprocessing = 0;
		};
		983A44462988A73F00FE60AF /* Resources */ = {
			isa = PBXResourcesBuildPhase;
			buildActionMask = 2147483647;
			files = (
			);
			runOnlyForDeploymentPostprocessing = 0;
		};
		983A44502988A73F00FE60AF /* Resources */ = {
			isa = PBXResourcesBuildPhase;
			buildActionMask = 2147483647;
			files = (
			);
			runOnlyForDeploymentPostprocessing = 0;
		};
/* End PBXResourcesBuildPhase section */

/* Begin PBXSourcesBuildPhase section */
		983A442E2988A73A00FE60AF /* Sources */ = {
			isa = PBXSourcesBuildPhase;
			buildActionMask = 2147483647;
			files = (
				983A44692988A7B000FE60AF /* Parser.swift in Sources */,
				983A446B2988A7DD00FE60AF /* Listings.swift in Sources */,
				98D9A1202988F4B500E03678 /* ListingsTableViewCell.swift in Sources */,
				983A443A2988A73A00FE60AF /* ViewController.swift in Sources */,
				983A44362988A73A00FE60AF /* AppDelegate.swift in Sources */,
				983A44382988A73A00FE60AF /* SceneDelegate.swift in Sources */,
				98D9A1232989AAAE00E03678 /* Extensions.swift in Sources */,
			);
			runOnlyForDeploymentPostprocessing = 0;
		};
		983A44442988A73F00FE60AF /* Sources */ = {
			isa = PBXSourcesBuildPhase;
			buildActionMask = 2147483647;
			files = (
				983A444D2988A73F00FE60AF /* TradeMe_testTests.swift in Sources */,
			);
			runOnlyForDeploymentPostprocessing = 0;
		};
		983A444E2988A73F00FE60AF /* Sources */ = {
			isa = PBXSourcesBuildPhase;
			buildActionMask = 2147483647;
			files = (
				983A44572988A73F00FE60AF /* TradeMe_testUITests.swift in Sources */,
				983A44592988A73F00FE60AF /* TradeMe_testUITestsLaunchTests.swift in Sources */,
			);
			runOnlyForDeploymentPostprocessing = 0;
		};
/* End PBXSourcesBuildPhase section */

/* Begin PBXTargetDependency section */
		983A444A2988A73F00FE60AF /* PBXTargetDependency */ = {
			isa = PBXTargetDependency;
			target = 983A44312988A73A00FE60AF /* TradeMe test */;
			targetProxy = 983A44492988A73F00FE60AF /* PBXContainerItemProxy */;
		};
		983A44542988A73F00FE60AF /* PBXTargetDependency */ = {
			isa = PBXTargetDependency;
			target = 983A44312988A73A00FE60AF /* TradeMe test */;
			targetProxy = 983A44532988A73F00FE60AF /* PBXContainerItemProxy */;
		};
/* End PBXTargetDependency section */

/* Begin PBXVariantGroup section */
		983A443B2988A73A00FE60AF /* Main.storyboard */ = {
			isa = PBXVariantGroup;
			children = (
				983A443C2988A73A00FE60AF /* Base */,
			);
			name = Main.storyboard;
			sourceTree = "<group>";
		};
		983A44402988A73F00FE60AF /* LaunchScreen.storyboard */ = {
			isa = PBXVariantGroup;
			children = (
				983A44412988A73F00FE60AF /* Base */,
			);
			name = LaunchScreen.storyboard;
			sourceTree = "<group>";
		};
/* End PBXVariantGroup section */

/* Begin XCBuildConfiguration section */
		983A445A2988A73F00FE60AF /* Debug */ = {
			isa = XCBuildConfiguration;
			buildSettings = {
				ALWAYS_SEARCH_USER_PATHS = NO;
				CLANG_ANALYZER_NONNULL = YES;
				CLANG_ANALYZER_NUMBER_OBJECT_CONVERSION = YES_AGGRESSIVE;
				CLANG_CXX_LANGUAGE_STANDARD = "gnu++17";
				CLANG_CXX_LIBRARY = "libc++";
				CLANG_ENABLE_MODULES = YES;
				CLANG_ENABLE_OBJC_ARC = YES;
				CLANG_ENABLE_OBJC_WEAK = YES;
				CLANG_WARN_BLOCK_CAPTURE_AUTORELEASING = YES;
				CLANG_WARN_BOOL_CONVERSION = YES;
				CLANG_WARN_COMMA = YES;
				CLANG_WARN_CONSTANT_CONVERSION = YES;
				CLANG_WARN_DEPRECATED_OBJC_IMPLEMENTATIONS = YES;
				CLANG_WARN_DIRECT_OBJC_ISA_USAGE = YES_ERROR;
				CLANG_WARN_DOCUMENTATION_COMMENTS = YES;
				CLANG_WARN_EMPTY_BODY = YES;
				CLANG_WARN_ENUM_CONVERSION = YES;
				CLANG_WARN_INFINITE_RECURSION = YES;
				CLANG_WARN_INT_CONVERSION = YES;
				CLANG_WARN_NON_LITERAL_NULL_CONVERSION = YES;
				CLANG_WARN_OBJC_IMPLICIT_RETAIN_SELF = YES;
				CLANG_WARN_OBJC_LITERAL_CONVERSION = YES;
				CLANG_WARN_OBJC_ROOT_CLASS = YES_ERROR;
				CLANG_WARN_QUOTED_INCLUDE_IN_FRAMEWORK_HEADER = YES;
				CLANG_WARN_RANGE_LOOP_ANALYSIS = YES;
				CLANG_WARN_STRICT_PROTOTYPES = YES;
				CLANG_WARN_SUSPICIOUS_MOVE = YES;
				CLANG_WARN_UNGUARDED_AVAILABILITY = YES_AGGRESSIVE;
				CLANG_WARN_UNREACHABLE_CODE = YES;
				CLANG_WARN__DUPLICATE_METHOD_MATCH = YES;
				COPY_PHASE_STRIP = NO;
				DEBUG_INFORMATION_FORMAT = dwarf;
				ENABLE_STRICT_OBJC_MSGSEND = YES;
				ENABLE_TESTABILITY = YES;
				GCC_C_LANGUAGE_STANDARD = gnu11;
				GCC_DYNAMIC_NO_PIC = NO;
				GCC_NO_COMMON_BLOCKS = YES;
				GCC_OPTIMIZATION_LEVEL = 0;
				GCC_PREPROCESSOR_DEFINITIONS = (
					"DEBUG=1",
					"$(inherited)",
				);
				GCC_WARN_64_TO_32_BIT_CONVERSION = YES;
				GCC_WARN_ABOUT_RETURN_TYPE = YES_ERROR;
				GCC_WARN_UNDECLARED_SELECTOR = YES;
				GCC_WARN_UNINITIALIZED_AUTOS = YES_AGGRESSIVE;
				GCC_WARN_UNUSED_FUNCTION = YES;
				GCC_WARN_UNUSED_VARIABLE = YES;
				IPHONEOS_DEPLOYMENT_TARGET = 15.2;
				MTL_ENABLE_DEBUG_INFO = INCLUDE_SOURCE;
				MTL_FAST_MATH = YES;
				ONLY_ACTIVE_ARCH = YES;
				SDKROOT = iphoneos;
				SWIFT_ACTIVE_COMPILATION_CONDITIONS = DEBUG;
				SWIFT_OPTIMIZATION_LEVEL = "-Onone";
			};
			name = Debug;
		};
		983A445B2988A73F00FE60AF /* Release */ = {
			isa = XCBuildConfiguration;
			buildSettings = {
				ALWAYS_SEARCH_USER_PATHS = NO;
				CLANG_ANALYZER_NONNULL = YES;
				CLANG_ANALYZER_NUMBER_OBJECT_CONVERSION = YES_AGGRESSIVE;
				CLANG_CXX_LANGUAGE_STANDARD = "gnu++17";
				CLANG_CXX_LIBRARY = "libc++";
				CLANG_ENABLE_MODULES = YES;
				CLANG_ENABLE_OBJC_ARC = YES;
				CLANG_ENABLE_OBJC_WEAK = YES;
				CLANG_WARN_BLOCK_CAPTURE_AUTORELEASING = YES;
				CLANG_WARN_BOOL_CONVERSION = YES;
				CLANG_WARN_COMMA = YES;
				CLANG_WARN_CONSTANT_CONVERSION = YES;
				CLANG_WARN_DEPRECATED_OBJC_IMPLEMENTATIONS = YES;
				CLANG_WARN_DIRECT_OBJC_ISA_USAGE = YES_ERROR;
				CLANG_WARN_DOCUMENTATION_COMMENTS = YES;
				CLANG_WARN_EMPTY_BODY = YES;
				CLANG_WARN_ENUM_CONVERSION = YES;
				CLANG_WARN_INFINITE_RECURSION = YES;
				CLANG_WARN_INT_CONVERSION = YES;
				CLANG_WARN_NON_LITERAL_NULL_CONVERSION = YES;
				CLANG_WARN_OBJC_IMPLICIT_RETAIN_SELF = YES;
				CLANG_WARN_OBJC_LITERAL_CONVERSION = YES;
				CLANG_WARN_OBJC_ROOT_CLASS = YES_ERROR;
				CLANG_WARN_QUOTED_INCLUDE_IN_FRAMEWORK_HEADER = YES;
				CLANG_WARN_RANGE_LOOP_ANALYSIS = YES;
				CLANG_WARN_STRICT_PROTOTYPES = YES;
				CLANG_WARN_SUSPICIOUS_MOVE = YES;
				CLANG_WARN_UNGUARDED_AVAILABILITY = YES_AGGRESSIVE;
				CLANG_WARN_UNREACHABLE_CODE = YES;
				CLANG_WARN__DUPLICATE_METHOD_MATCH = YES;
				COPY_PHASE_STRIP = NO;
				DEBUG_INFORMATION_FORMAT = "dwarf-with-dsym";
				ENABLE_NS_ASSERTIONS = NO;
				ENABLE_STRICT_OBJC_MSGSEND = YES;
				GCC_C_LANGUAGE_STANDARD = gnu11;
				GCC_NO_COMMON_BLOCKS = YES;
				GCC_WARN_64_TO_32_BIT_CONVERSION = YES;
				GCC_WARN_ABOUT_RETURN_TYPE = YES_ERROR;
				GCC_WARN_UNDECLARED_SELECTOR = YES;
				GCC_WARN_UNINITIALIZED_AUTOS = YES_AGGRESSIVE;
				GCC_WARN_UNUSED_FUNCTION = YES;
				GCC_WARN_UNUSED_VARIABLE = YES;
				IPHONEOS_DEPLOYMENT_TARGET = 15.2;
				MTL_ENABLE_DEBUG_INFO = NO;
				MTL_FAST_MATH = YES;
				SDKROOT = iphoneos;
				SWIFT_COMPILATION_MODE = wholemodule;
				SWIFT_OPTIMIZATION_LEVEL = "-O";
				VALIDATE_PRODUCT = YES;
			};
			name = Release;
		};
		983A445D2988A73F00FE60AF /* Debug */ = {
			isa = XCBuildConfiguration;
			buildSettings = {
				ASSETCATALOG_COMPILER_APPICON_NAME = AppIcon;
				ASSETCATALOG_COMPILER_GLOBAL_ACCENT_COLOR_NAME = AccentColor;
				CODE_SIGN_STYLE = Automatic;
				CURRENT_PROJECT_VERSION = 1;
				DEVELOPMENT_TEAM = K865KS3PXQ;
				GENERATE_INFOPLIST_FILE = YES;
				INFOPLIST_FILE = "TradeMe test/Info.plist";
				INFOPLIST_KEY_UIApplicationSupportsIndirectInputEvents = YES;
				INFOPLIST_KEY_UILaunchStoryboardName = LaunchScreen;
				INFOPLIST_KEY_UIMainStoryboardFile = Main;
				INFOPLIST_KEY_UISupportedInterfaceOrientations_iPad = "UIInterfaceOrientationPortrait UIInterfaceOrientationPortraitUpsideDown UIInterfaceOrientationLandscapeLeft UIInterfaceOrientationLandscapeRight";
				INFOPLIST_KEY_UISupportedInterfaceOrientations_iPhone = "UIInterfaceOrientationPortrait UIInterfaceOrientationLandscapeLeft UIInterfaceOrientationLandscapeRight";
				LD_RUNPATH_SEARCH_PATHS = (
					"$(inherited)",
					"@executable_path/Frameworks",
				);
				MARKETING_VERSION = 1.0;
				PRODUCT_BUNDLE_IDENTIFIER = "com.g10x.TradeMe-test";
				PRODUCT_NAME = "$(TARGET_NAME)";
				SWIFT_EMIT_LOC_STRINGS = YES;
				SWIFT_VERSION = 5.0;
				TARGETED_DEVICE_FAMILY = "1,2";
			};
			name = Debug;
		};
		983A445E2988A73F00FE60AF /* Release */ = {
			isa = XCBuildConfiguration;
			buildSettings = {
				ASSETCATALOG_COMPILER_APPICON_NAME = AppIcon;
				ASSETCATALOG_COMPILER_GLOBAL_ACCENT_COLOR_NAME = AccentColor;
				CODE_SIGN_STYLE = Automatic;
				CURRENT_PROJECT_VERSION = 1;
				DEVELOPMENT_TEAM = K865KS3PXQ;
				GENERATE_INFOPLIST_FILE = YES;
				INFOPLIST_FILE = "TradeMe test/Info.plist";
				INFOPLIST_KEY_UIApplicationSupportsIndirectInputEvents = YES;
				INFOPLIST_KEY_UILaunchStoryboardName = LaunchScreen;
				INFOPLIST_KEY_UIMainStoryboardFile = Main;
				INFOPLIST_KEY_UISupportedInterfaceOrientations_iPad = "UIInterfaceOrientationPortrait UIInterfaceOrientationPortraitUpsideDown UIInterfaceOrientationLandscapeLeft UIInterfaceOrientationLandscapeRight";
				INFOPLIST_KEY_UISupportedInterfaceOrientations_iPhone = "UIInterfaceOrientationPortrait UIInterfaceOrientationLandscapeLeft UIInterfaceOrientationLandscapeRight";
				LD_RUNPATH_SEARCH_PATHS = (
					"$(inherited)",
					"@executable_path/Frameworks",
				);
				MARKETING_VERSION = 1.0;
				PRODUCT_BUNDLE_IDENTIFIER = "com.g10x.TradeMe-test";
				PRODUCT_NAME = "$(TARGET_NAME)";
				SWIFT_EMIT_LOC_STRINGS = YES;
				SWIFT_VERSION = 5.0;
				TARGETED_DEVICE_FAMILY = "1,2";
			};
			name = Release;
		};
		983A44602988A73F00FE60AF /* Debug */ = {
			isa = XCBuildConfiguration;
			buildSettings = {
				ALWAYS_EMBED_SWIFT_STANDARD_LIBRARIES = YES;
				BUNDLE_LOADER = "$(TEST_HOST)";
				CODE_SIGN_STYLE = Automatic;
				CURRENT_PROJECT_VERSION = 1;
				DEVELOPMENT_TEAM = K865KS3PXQ;
				GENERATE_INFOPLIST_FILE = YES;
				IPHONEOS_DEPLOYMENT_TARGET = 15.2;
				MARKETING_VERSION = 1.0;
				PRODUCT_BUNDLE_IDENTIFIER = "com.g10x.TradeMe-testTests";
				PRODUCT_NAME = "$(TARGET_NAME)";
				SWIFT_EMIT_LOC_STRINGS = NO;
				SWIFT_VERSION = 5.0;
				TARGETED_DEVICE_FAMILY = "1,2";
				TEST_HOST = "$(BUILT_PRODUCTS_DIR)/TradeMe test.app/TradeMe test";
			};
			name = Debug;
		};
		983A44612988A73F00FE60AF /* Release */ = {
			isa = XCBuildConfiguration;
			buildSettings = {
				ALWAYS_EMBED_SWIFT_STANDARD_LIBRARIES = YES;
				BUNDLE_LOADER = "$(TEST_HOST)";
				CODE_SIGN_STYLE = Automatic;
				CURRENT_PROJECT_VERSION = 1;
				DEVELOPMENT_TEAM = K865KS3PXQ;
				GENERATE_INFOPLIST_FILE = YES;
				IPHONEOS_DEPLOYMENT_TARGET = 15.2;
				MARKETING_VERSION = 1.0;
				PRODUCT_BUNDLE_IDENTIFIER = "com.g10x.TradeMe-testTests";
				PRODUCT_NAME = "$(TARGET_NAME)";
				SWIFT_EMIT_LOC_STRINGS = NO;
				SWIFT_VERSION = 5.0;
				TARGETED_DEVICE_FAMILY = "1,2";
				TEST_HOST = "$(BUILT_PRODUCTS_DIR)/TradeMe test.app/TradeMe test";
			};
			name = Release;
		};
		983A44632988A73F00FE60AF /* Debug */ = {
			isa = XCBuildConfiguration;
			buildSettings = {
				ALWAYS_EMBED_SWIFT_STANDARD_LIBRARIES = YES;
				CODE_SIGN_STYLE = Automatic;
				CURRENT_PROJECT_VERSION = 1;
				DEVELOPMENT_TEAM = K865KS3PXQ;
				GENERATE_INFOPLIST_FILE = YES;
				MARKETING_VERSION = 1.0;
				PRODUCT_BUNDLE_IDENTIFIER = "com.g10x.TradeMe-testUITests";
				PRODUCT_NAME = "$(TARGET_NAME)";
				SWIFT_EMIT_LOC_STRINGS = NO;
				SWIFT_VERSION = 5.0;
				TARGETED_DEVICE_FAMILY = "1,2";
				TEST_TARGET_NAME = "TradeMe test";
			};
			name = Debug;
		};
		983A44642988A73F00FE60AF /* Release */ = {
			isa = XCBuildConfiguration;
			buildSettings = {
				ALWAYS_EMBED_SWIFT_STANDARD_LIBRARIES = YES;
				CODE_SIGN_STYLE = Automatic;
				CURRENT_PROJECT_VERSION = 1;
				DEVELOPMENT_TEAM = K865KS3PXQ;
				GENERATE_INFOPLIST_FILE = YES;
				MARKETING_VERSION = 1.0;
				PRODUCT_BUNDLE_IDENTIFIER = "com.g10x.TradeMe-testUITests";
				PRODUCT_NAME = "$(TARGET_NAME)";
				SWIFT_EMIT_LOC_STRINGS = NO;
				SWIFT_VERSION = 5.0;
				TARGETED_DEVICE_FAMILY = "1,2";
				TEST_TARGET_NAME = "TradeMe test";
			};
			name = Release;
		};
/* End XCBuildConfiguration section */

/* Begin XCConfigurationList section */
		983A442D2988A73A00FE60AF /* Build configuration list for PBXProject "TradeMe test" */ = {
			isa = XCConfigurationList;
			buildConfigurations = (
				983A445A2988A73F00FE60AF /* Debug */,
				983A445B2988A73F00FE60AF /* Release */,
			);
			defaultConfigurationIsVisible = 0;
			defaultConfigurationName = Release;
		};
		983A445C2988A73F00FE60AF /* Build configuration list for PBXNativeTarget "TradeMe test" */ = {
			isa = XCConfigurationList;
			buildConfigurations = (
				983A445D2988A73F00FE60AF /* Debug */,
				983A445E2988A73F00FE60AF /* Release */,
			);
			defaultConfigurationIsVisible = 0;
			defaultConfigurationName = Release;
		};
		983A445F2988A73F00FE60AF /* Build configuration list for PBXNativeTarget "TradeMe testTests" */ = {
			isa = XCConfigurationList;
			buildConfigurations = (
				983A44602988A73F00FE60AF /* Debug */,
				983A44612988A73F00FE60AF /* Release */,
			);
			defaultConfigurationIsVisible = 0;
			defaultConfigurationName = Release;
		};
		983A44622988A73F00FE60AF /* Build configuration list for PBXNativeTarget "TradeMe testUITests" */ = {
			isa = XCConfigurationList;
			buildConfigurations = (
				983A44632988A73F00FE60AF /* Debug */,
				983A44642988A73F00FE60AF /* Release */,
			);
			defaultConfigurationIsVisible = 0;
			defaultConfigurationName = Release;
		};
/* End XCConfigurationList section */
	};
	rootObject = 983A442A2988A73A00FE60AF /* Project object */;
}
